{
  "version": "4",
  "specifiers": {
    "jsr:@hono/hono@^4.6.10": "4.6.10",
    "jsr:@std/assert@1": "1.0.6",
    "jsr:@std/dotenv@*": "0.225.2",
    "jsr:@std/dotenv@~0.225.2": "0.225.2",
    "jsr:@std/internal@^1.0.4": "1.0.4",
    "npm:@directus/sdk@18": "18.0.0",
    "npm:date-fns@^4.1.0": "4.1.0",
    "npm:mysql2-promise@*": "0.1.4",
    "npm:mysql2@^2.3.3": "2.3.3",
    "npm:mysql2@^3.11.4": "3.11.4",
    "npm:zod@^3.23.8": "3.23.8"
  },
  "jsr": {
    "@hono/hono@4.6.10": {
      "integrity": "dae93ac8bb49881f99506aa8e01e5536d5d72cc3c2b556bde2816fdf25ca609c"
    },
    "@std/assert@1.0.6": {
      "integrity": "1904c05806a25d94fe791d6d883b685c9e2dcd60e4f9fc30f4fc5cf010c72207",
      "dependencies": [
        "jsr:@std/internal"
      ]
    },
    "@std/dotenv@0.225.2": {
      "integrity": "e2025dce4de6c7bca21dece8baddd4262b09d5187217e231b033e088e0c4dd23"
    },
    "@std/internal@1.0.4": {
      "integrity": "62e8e4911527e5e4f307741a795c0b0a9e6958d0b3790716ae71ce085f755422"
    }
  },
  "npm": {
    "@directus/sdk@18.0.0": {
      "integrity": "sha512-PREPeIKI1/EpvWxZHqWaRgL0HNccaauQm98sABBPMPwH3gCHfSz+sFJyugyx+MYHBiv2K5M8BCxF3MRCbAzljw=="
    },
    "ansicolors@0.2.1": {
      "integrity": "sha512-tOIuy1/SK/dr94ZA0ckDohKXNeBNqZ4us6PjMVLs5h1w2GBB6uPtOknp2+VF4F/zcy9LI70W+Z+pE2Soajky1w=="
    },
    "aws-ssl-profiles@1.1.2": {
      "integrity": "sha512-NZKeq9AfyQvEeNlN0zSYAaWrmBffJh3IELMZfRpJVWgrpEbtEpnjvzqBPf+mxoI287JohRDoa+/nsfqqiZmF6g=="
    },
    "bn.js@2.0.0": {
      "integrity": "sha512-NmOLApC80+n+P28y06yHgwGlOCkq/X4jRh5s590959FZXSrM+I/61h0xxuIaYsg0mD44mEAZYG/rnclWuRoz+A=="
    },
    "cardinal@0.4.4": {
      "integrity": "sha512-3MxV0o9wOpQcobrcSrRpaSxlYkohCcZu0ytOjJUww/Yo/223q4Ecloo7odT+M0SI5kPgb1JhvSaF4EEuVXOLAQ==",
      "dependencies": [
        "ansicolors",
        "redeyed"
      ]
    },
    "core-util-is@1.0.3": {
      "integrity": "sha512-ZQBvi1DcpJ4GDqanjucZ2Hj3wEO5pZDS89BWbkcrvdxksJorwUDDZamX9ldFkp9aw2lmBDLgkObEA4DWNJ9FYQ=="
    },
    "date-fns@4.1.0": {
      "integrity": "sha512-Ukq0owbQXxa/U3EGtsdVBkR1w7KOQ5gIBqdH2hkvknzZPYvBxb/aa6E8L7tmjFtkwZBu3UXBbjIgPo/Ez4xaNg=="
    },
    "denque@2.1.0": {
      "integrity": "sha512-HVQE3AAb/pxF8fQAoiqpvg9i3evqug3hoiwakOyZAwJm+6vZehbkYXZ0l4JxS+I3QxM97v5aaRNhj8v5oBhekw=="
    },
    "double-ended-queue@2.0.0-0": {
      "integrity": "sha512-t5ouWOpItmHrm0J0+bX/cFrIjBFWnJkk5LbIJq6bbU/M4aLX2c3LrM4QYsBptwvlPe3WzdpQefQ0v1pe/A5wjg=="
    },
    "esprima@1.0.4": {
      "integrity": "sha512-rp5dMKN8zEs9dfi9g0X1ClLmV//WRyk/R15mppFNICIFRG5P92VP7Z04p8pk++gABo9W2tY+kHyu6P1mEHgmTA=="
    },
    "generate-function@2.3.1": {
      "integrity": "sha512-eeB5GfMNeevm/GRYq20ShmsaGcmI81kIX2K9XQx5miC8KdHaC6Jm0qQ8ZNeGOi7wYB8OsdxKs+Y2oVuTFuVwKQ==",
      "dependencies": [
        "is-property"
      ]
    },
    "iconv-lite@0.6.3": {
      "integrity": "sha512-4fCk79wshMdzMp2rH06qWrJE4iolqLhCUH+OiuIgU++RB0+94NlDL81atO7GX55uUKueo0txHNtvEyI6D7WdMw==",
      "dependencies": [
        "safer-buffer"
      ]
    },
    "inherits@2.0.4": {
      "integrity": "sha512-k/vGaX4/Yla3WzyMCvTQOXYeIHvqOKtnqBduzTHpzpQZzAskKMhZ2K+EnBiSM9zGSoIFeMpXKxa4dYeZIQqewQ=="
    },
    "is-property@1.0.2": {
      "integrity": "sha512-Ks/IoX00TtClbGQr4TWXemAnktAQvYB7HzcCxDGqEZU6oCmb2INHuOoKxbtR+HFkmYWBKv/dOZtGRiAjDhj92g=="
    },
    "isarray@0.0.1": {
      "integrity": "sha512-D2S+3GLxWH+uhrNEcoh/fnmYeP8E8/zHl644d/jdA0g2uyXvy3sb0qxotE+ne0LtccHknQzWwZEzhak7oJ0COQ=="
    },
    "long@4.0.0": {
      "integrity": "sha512-XsP+KhQif4bjX1kbuSiySJFNAehNxgLb6hPRGJ9QsUr8ajHkuXGdrHmFUTUUXhDwVX2R5bY4JNZEwbUiMhV+MA=="
    },
    "long@5.2.3": {
      "integrity": "sha512-lcHwpNoggQTObv5apGNCTdJrO69eHOZMi4BNC+rTLER8iHAqGrUVeLh/irVIM7zTw2bOXA8T6uNPeujwOLg/2Q=="
    },
    "lru-cache@2.5.0": {
      "integrity": "sha512-dVmQmXPBlTgFw77hm60ud//l2bCuDKkqC2on1EBoM7s9Urm9IQDrnujwZ93NFnAq0dVZ0HBXTS7PwEG+YE7+EQ=="
    },
    "lru-cache@6.0.0": {
      "integrity": "sha512-Jo6dJ04CmSjuznwJSS3pUeWmd/H0ffTlkXXgwZi+eq1UCmqQwCh+eLsYOYCwY991i2Fah4h1BEMCx4qThGbsiA==",
      "dependencies": [
        "yallist"
      ]
    },
    "lru-cache@7.18.3": {
      "integrity": "sha512-jumlc0BIUrS3qJGgIkWZsyfAM7NCWiBcCDhnd+3NNM5KbBmLTgHVfWBcg6W+rLUsIpzpERPsvwUP7CckAQSOoA=="
    },
    "lru.min@1.1.1": {
      "integrity": "sha512-FbAj6lXil6t8z4z3j0E5mfRlPzxkySotzUHwRXjlpRh10vc6AI6WN62ehZj82VG7M20rqogJ0GLwar2Xa05a8Q=="
    },
    "mysql2-promise@0.1.4": {
      "integrity": "sha512-/h8ubU/36aIPpbfB6CENw9ZdbzIhZMZOIbstJUHVKp4J9JBRSLScrYImVx+3yZilgag732UhpQMMK5+ktdhLCw==",
      "dependencies": [
        "mysql2@0.15.8",
        "q"
      ]
    },
    "mysql2@0.15.8": {
      "integrity": "sha512-3x5o6C20bfwJYPSoT74MOoad7/chJoq4qXHDL5VAuRBBrIyErovLoj04Dz/5EY9X2kTxWSGNiTegtxpROTd2YQ==",
      "dependencies": [
        "bn.js",
        "cardinal",
        "double-ended-queue",
        "named-placeholders@0.1.3",
        "readable-stream"
      ]
    },
    "mysql2@2.3.3": {
      "integrity": "sha512-wxJUev6LgMSgACDkb/InIFxDprRa6T95+VEoR+xPvtngtccNH2dGjEB/fVZ8yg1gWv1510c9CvXuJHi5zUm0ZA==",
      "dependencies": [
        "denque",
        "generate-function",
        "iconv-lite",
        "long@4.0.0",
        "lru-cache@6.0.0",
        "named-placeholders@1.1.3",
        "seq-queue",
        "sqlstring"
      ]
    },
    "mysql2@3.11.4": {
      "integrity": "sha512-Z2o3tY4Z8EvSRDwknaC40MdZ3+m0sKbpnXrShQLdxPrAvcNli7jLrD2Zd2IzsRMw4eK9Yle500FDmlkIqp+krg==",
      "dependencies": [
        "aws-ssl-profiles",
        "denque",
        "generate-function",
        "iconv-lite",
        "long@5.2.3",
        "lru.min",
        "named-placeholders@1.1.3",
        "seq-queue",
        "sqlstring"
      ]
    },
    "named-placeholders@0.1.3": {
      "integrity": "sha512-Mt79RtxZ6MYTIEemPGv/YDKpbuavcAyGHb0r37xB2mnE5jej3uBzc4+nzOeoZ4nZiii1M32URKt9IjkSTZAmTA==",
      "dependencies": [
        "lru-cache@2.5.0"
      ]
    },
    "named-placeholders@1.1.3": {
      "integrity": "sha512-eLoBxg6wE/rZkJPhU/xRX1WTpkFEwDJEN96oxFrTsqBdbT5ec295Q+CoHrL9IT0DipqKhmGcaZmwOt8OON5x1w==",
      "dependencies": [
        "lru-cache@7.18.3"
      ]
    },
    "q@1.5.1": {
      "integrity": "sha512-kV/CThkXo6xyFEZUugw/+pIOywXcDbFYgSct5cT3gqlbkBE1SJdwy6UQoZvodiWF/ckQLZyDE/Bu1M6gVu5lVw=="
    },
    "readable-stream@1.0.33": {
      "integrity": "sha512-72KxhcKi8bAvHP/cyyWSP+ODS5ef0DIRs0OzrhGXw31q41f19aoELCbvd42FjhpyEDxQMRiiC5rq9rfE5PzTqg==",
      "dependencies": [
        "core-util-is",
        "inherits",
        "isarray",
        "string_decoder"
      ]
    },
    "redeyed@0.4.4": {
      "integrity": "sha512-pnk1vsaNLu1UAAClKsImKz9HjBvg9i8cbRqTRzJbiCjGF0fZSMqpdcA5W3juO3c4etFvTrabECkq9wjC45ZyxA==",
      "dependencies": [
        "esprima"
      ]
    },
    "safer-buffer@2.1.2": {
      "integrity": "sha512-YZo3K82SD7Riyi0E1EQPojLz7kpepnSQI9IyPbHHg1XXXevb5dJI7tpyN2ADxGcQbHG7vcyRHk0cbwqcQriUtg=="
    },
    "seq-queue@0.0.5": {
      "integrity": "sha512-hr3Wtp/GZIc/6DAGPDcV4/9WoZhjrkXsi5B/07QgX8tsdc6ilr7BFM6PM6rbdAX1kFSDYeZGLipIZZKyQP0O5Q=="
    },
    "sqlstring@2.3.3": {
      "integrity": "sha512-qC9iz2FlN7DQl3+wjwn3802RTyjCx7sDvfQEXchwa6CWOx07/WVfh91gBmQ9fahw8snwGEWU3xGzOt4tFyHLxg=="
    },
    "string_decoder@0.10.31": {
      "integrity": "sha512-ev2QzSzWPYmy9GuqfIVildA4OdcGLeFZQrq5ys6RtiuF+RQQiZWr8TZNyAcuVXyQRYfEO+MsoB/1BuQVhOJuoQ=="
    },
    "yallist@4.0.0": {
      "integrity": "sha512-3wdGidZyq5PB084XLES5TpOSRA3wjXAlIWMhum2kRcv/41Sn2emQ0dycQW4uZXLejwKvg6EsvbdlVL+FYEct7A=="
    },
    "zod@3.23.8": {
      "integrity": "sha512-XBx9AXhXktjUqnepgTiE5flcKIYWi/rme0Eaj+5Y0lftuGBq+jyRu/md4WnuxqgP1ubdpNCsYEYPxrzVHD8d6g=="
    }
  },
  "workspace": {
    "dependencies": [
      "jsr:@hono/hono@^4.6.10",
      "jsr:@std/assert@1",
      "jsr:@std/dotenv@~0.225.2",
      "npm:@directus/sdk@18",
      "npm:date-fns@^4.1.0",
      "npm:mysql2@^3.11.4",
      "npm:zod@^3.23.8"
    ]
  }
}
